
Microsoft Visual Studio Solution File, Format Version 12.00
# Visual Studio Version 16
VisualStudioVersion = 16.0.30523.141
MinimumVisualStudioVersion = 10.0.40219.1
Project("{9A19103F-16F7-4668-BE54-9A1E7A4F7556}") = "CoreApp", "CoreApp\CoreApp.csproj", "{F804C8B5-F3C1-4AB2-A4FD-E9B2CB180BB7}"
EndProject
Global
	GlobalSection(SolutionConfigurationPlatforms) = preSolution
		Debug|Any CPU = Debug|Any CPU
		Release|Any CPU = Release|Any CPU
	EndGlobalSection
	GlobalSection(ProjectConfigurationPlatforms) = postSolution
		{F804C8B5-F3C1-4AB2-A4FD-E9B2CB180BB7}.Debug|Any CPU.ActiveCfg = Debug|Any CPU
		{F804C8B5-F3C1-4AB2-A4FD-E9B2CB180BB7}.Debug|Any CPU.Build.0 = Debug|Any CPU
		{F804C8B5-F3C1-4AB2-A4FD-E9B2CB180BB7}.Release|Any CPU.ActiveCfg = Release|Any CPU
		{F804C8B5-F3C1-4AB2-A4FD-E9B2CB180BB7}.Release|Any CPU.Build.0 = Release|Any CPU
	EndGlobalSection
	GlobalSection(SolutionProperties) = preSolution
		HideSolutionNode = FALSE
	EndGlobalSection
	GlobalSection(ExtensibilityGlobals) = postSolution
		SolutionGuid = {9F934C28-E1ED-4D8E-B936-A071E3F5A87B}
	EndGlobalSection
EndGlobal
